
Microsoft Visual Studio Solution File, Format Version 12.00
# Visual Studio Version 17
VisualStudioVersion = 17.10.35013.160
MinimumVisualStudioVersion = 10.0.40219.1
Project("{FAE04EC0-301F-11D3-BF4B-00C04F79EFBC}") = "Hospital", "Hospital.csproj", "{DBA14596-203A-49BE-B937-61A5D220B15D}"
EndProject
Global
	GlobalSection(SolutionConfigurationPlatforms) = preSolution
		Debug|Any CPU = Debug|Any CPU
		Release|Any CPU = Release|Any CPU
	EndGlobalSection
	GlobalSection(ProjectConfigurationPlatforms) = postSolution
		{DBA14596-203A-49BE-B937-61A5D220B15D}.Debug|Any CPU.ActiveCfg = Debug|Any CPU
		{DBA14596-203A-49BE-B937-61A5D220B15D}.Debug|Any CPU.Build.0 = Debug|Any CPU
		{DBA14596-203A-49BE-B937-61A5D220B15D}.Release|Any CPU.ActiveCfg = Release|Any CPU
		{DBA14596-203A-49BE-B937-61A5D220B15D}.Release|Any CPU.Build.0 = Release|Any CPU
	EndGlobalSection
	GlobalSection(SolutionProperties) = preSolution
		HideSolutionNode = FALSE
	EndGlobalSection
	GlobalSection(ExtensibilityGlobals) = postSolution
		SolutionGuid = {4D536B6C-7B09-42F6-9A82-3AD06B154F22}
	EndGlobalSection
EndGlobal
